{
  "name": "@icon/octicons",
  "version": "9.4.0-alpha.0",
  "lockfileVersion": 1,
  "requires": true,
  "dependencies": {
    "@primer/octicons": {
      "version": "9.4.0",
      "resolved": "https://registry.npmjs.org/@primer/octicons/-/octicons-9.4.0.tgz",
      "integrity": "sha512-7tAWOTt3Ay3Vkf9XwietC40TV1pxk5PS2DAODsOPnMfMd9Yzm2tfvHu0Q3dcffxGZxu7n5ZM6MFWbr/+4dqSdA==",
      "dev": true,
      "requires": {
        "object-assign": "^4.1.1"
      }
    },
    "object-assign": {
      "version": "4.1.1",
      "resolved": "https://registry.npmjs.org/object-assign/-/object-assign-4.1.1.tgz",
      "integrity": "sha1-IQmtx5ZYh8/AXLvUQsrIv7s2CGM=",
      "dev": true
    }
  }
}
