{
  "name": "@icon/octicons",
  "version": "1.10.1-alpha.1",
  "lockfileVersion": 1,
  "requires": true,
  "dependencies": {
    "@primer/octicons": {
      "version": "9.3.1",
      "resolved": "https://registry.npmjs.org/@primer/octicons/-/octicons-9.3.1.tgz",
      "integrity": "sha512-E0Knv/hUfwpfJOVh7cPXXJf6gfNiIMBtMbhnqjkWHnpT/+bPJk4Q3l/YG6sCWELZ05KYpHBunpHNOlTyw3mbwg==",
      "dev": true,
      "requires": {
        "object-assign": "^4.1.1"
      }
    },
    "object-assign": {
      "version": "4.1.1",
      "resolved": "https://registry.npmjs.org/object-assign/-/object-assign-4.1.1.tgz",
      "integrity": "sha1-IQmtx5ZYh8/AXLvUQsrIv7s2CGM=",
      "dev": true
    }
  }
}
