{
	"name": "@icon/simple-icons",
	"version": "2.3.0-alpha.1",
	"lockfileVersion": 1,
	"requires": true,
	"dependencies": {
		"simple-icons": {
			"version": "2.4.0",
			"resolved": "https://registry.npmjs.org/simple-icons/-/simple-icons-2.4.0.tgz",
			"integrity": "sha512-ihqVOhmIv39ToTbjm4wPFbMPyqg/6gZDmGzEJO/zx+Se4Dyl5UQCEEnLVoRV+um3Sn81DclEyO/97qA1Ebrb3g==",
			"dev": true
		}
	}
}
