{
  "name": "@icon/cryptocoins-icons",
  "version": "2.9.0-aplha.1",
  "lockfileVersion": 1,
  "requires": true,
  "dependencies": {
    "cryptocoins-icons": {
      "version": "2.9.0",
      "resolved": "https://registry.npmjs.org/cryptocoins-icons/-/cryptocoins-icons-2.9.0.tgz",
      "integrity": "sha512-bfhtws/Hs4YOv7GXrCQfZ9yzgVLqkJsFzgsTFVFBY/D1qPIICQI0UjcoFxea8dlBlwerxNu3Shp0T0ucBLHwng==",
      "dev": true
    }
  }
}
