{
	"name": "@icon/foundation-icons",
	"version": "3.0.0-alpha.1",
	"lockfileVersion": 1,
	"requires": true,
	"dependencies": {
		"foundation-icon-fonts": {
			"version": "0.1.1",
			"resolved": "https://registry.npm.taobao.org/foundation-icon-fonts/download/foundation-icon-fonts-0.1.1.tgz",
			"integrity": "sha1-CXvKPgF7gYRrVBRtN7wXYVzN0g4=",
			"dev": true
		}
	}
}
