{
	"name": "@icon/maki-icons",
	"version": "6.1.1-alpha.0",
	"lockfileVersion": 1,
	"requires": true,
	"dependencies": {
		"@mapbox/maki": {
			"version": "6.1.1",
			"resolved": "https://registry.npmjs.org/@mapbox/maki/-/maki-6.1.1.tgz",
			"integrity": "sha512-Rset9wJ6AEPbZ2MWeE8mZLvJL6rthR4olU/GLvgbQ3GVyXOh1F7TU9LMSyJ2tuJp/uT4PoS9qPl72xZgYG+raA==",
			"dev": true
		}
	}
}
