{
	"name": "@icon/cryptocurrency-icons",
	"version": "0.16.1-alpha.1",
	"lockfileVersion": 1,
	"requires": true,
	"dependencies": {
		"cryptocurrency-icons": {
			"version": "git+https://github.com/cjdowner/cryptocurrency-icons.git#9867bdb19da14e63ffbe63805298fa60bf255cdd",
			"from": "git+https://github.com/cjdowner/cryptocurrency-icons.git",
			"dev": true
		}
	}
}
