{
	"name": "@icon/web-icons",
	"version": "0.2.4-alpha.0",
	"lockfileVersion": 1,
	"requires": true,
	"dependencies": {
		"web-icons": {
			"version": "git+ssh://git@github.com/thecreation/web-icons.git#91694c93358d00ea85e9cd6531c2a5eaabfd63f9",
			"from": "git+ssh://git@github.com/thecreation/web-icons.git",
			"dev": true
		}
	}
}
