{
	"name": "@icon/boxicons-regular",
	"version": "2.0.4-alpha.1",
	"lockfileVersion": 1,
	"requires": true,
	"dependencies": {
		"@babel/runtime": {
			"version": "7.8.3",
			"resolved": "https://registry.npmjs.org/@babel/runtime/-/runtime-7.8.3.tgz",
			"integrity": "sha512-fVHx1rzEmwB130VTkLnxR+HmxcTjGzH12LYQcFFoBwakMd3aOMD4OsRN7tGG/UOYE2ektgFrS8uACAoRk1CY0w==",
			"dev": true,
			"requires": {
				"regenerator-runtime": "^0.13.2"
			}
		},
		"@webcomponents/webcomponentsjs": {
			"version": "2.4.1",
			"resolved": "https://registry.npmjs.org/@webcomponents/webcomponentsjs/-/webcomponentsjs-2.4.1.tgz",
			"integrity": "sha512-7jxBb+KoWncKb/JGFyTY40PjV4yRx2zd35ZLuvRP+6WndJDL7X32ZIZ7bN3sSQIl+NzJkCo7chfXJyzn+6WZaQ==",
			"dev": true
		},
		"boxicons": {
			"version": "2.0.4",
			"resolved": "https://registry.npmjs.org/boxicons/-/boxicons-2.0.4.tgz",
			"integrity": "sha512-LQ0iV4DsqQnu7Y7PzOl6IrLn5gtnSdrq8N9y7eqogisLUaXt2j6G2NltWslp0f8I5T7OAt8yfR0Jdldgq43h/Q==",
			"dev": true,
			"requires": {
				"@webcomponents/webcomponentsjs": "^2.0.2",
				"prop-types": "^15.6.0",
				"react": "^16.0.0",
				"react-dom": "^16.0.0",
				"react-interactive": "^0.8.1",
				"react-router-dom": "^4.2.2"
			}
		},
		"detect-hover": {
			"version": "1.0.2",
			"resolved": "https://registry.npmjs.org/detect-hover/-/detect-hover-1.0.2.tgz",
			"integrity": "sha1-WJ+wtGkiCJep7uP6NqkX4e2jeiE=",
			"dev": true
		},
		"detect-it": {
			"version": "3.0.5",
			"resolved": "https://registry.npmjs.org/detect-it/-/detect-it-3.0.5.tgz",
			"integrity": "sha1-gWOWwP4SsRrwgpmnwrg4HljRUXU=",
			"dev": true,
			"requires": {
				"detect-hover": "^1.0.2",
				"detect-passive-events": "^1.0.4",
				"detect-pointer": "^1.0.2",
				"detect-touch-events": "^2.0.1"
			}
		},
		"detect-passive-events": {
			"version": "1.0.4",
			"resolved": "https://registry.npmjs.org/detect-passive-events/-/detect-passive-events-1.0.4.tgz",
			"integrity": "sha1-btR35uW863kHlzXc01d4nTf5qRo=",
			"dev": true
		},
		"detect-pointer": {
			"version": "1.0.2",
			"resolved": "https://registry.npmjs.org/detect-pointer/-/detect-pointer-1.0.2.tgz",
			"integrity": "sha1-Hg5OJh2rRQVcUMdPtaT/Cc6xj70=",
			"dev": true
		},
		"detect-touch-events": {
			"version": "2.0.1",
			"resolved": "https://registry.npmjs.org/detect-touch-events/-/detect-touch-events-2.0.1.tgz",
			"integrity": "sha1-NlgzzwxcQMQJCggJa4pojbAPozc=",
			"dev": true
		},
		"history": {
			"version": "4.10.1",
			"resolved": "https://registry.npmjs.org/history/-/history-4.10.1.tgz",
			"integrity": "sha512-36nwAD620w12kuzPAsyINPWJqlNbij+hpK1k9XRloDtym8mxzGYl2c17LnV6IAGB2Dmg4tEa7G7DlawS0+qjew==",
			"dev": true,
			"requires": {
				"@babel/runtime": "^7.1.2",
				"loose-envify": "^1.2.0",
				"resolve-pathname": "^3.0.0",
				"tiny-invariant": "^1.0.2",
				"tiny-warning": "^1.0.0",
				"value-equal": "^1.0.1"
			}
		},
		"hoist-non-react-statics": {
			"version": "2.5.5",
			"resolved": "https://registry.npmjs.org/hoist-non-react-statics/-/hoist-non-react-statics-2.5.5.tgz",
			"integrity": "sha512-rqcy4pJo55FTTLWt+bU8ukscqHeE/e9KWvsOW2b/a3afxQZhwkQdT1rPPCJ0rYXdj4vNcasY8zHTH+jF/qStxw==",
			"dev": true
		},
		"invariant": {
			"version": "2.2.4",
			"resolved": "https://registry.npmjs.org/invariant/-/invariant-2.2.4.tgz",
			"integrity": "sha512-phJfQVBuaJM5raOpJjSfkiD6BpbCE4Ns//LaXl6wGYtUBY83nWS6Rf9tXm2e8VaK60JEjYldbPif/A2B1C2gNA==",
			"dev": true,
			"requires": {
				"loose-envify": "^1.0.0"
			}
		},
		"isarray": {
			"version": "0.0.1",
			"resolved": "https://registry.npmjs.org/isarray/-/isarray-0.0.1.tgz",
			"integrity": "sha1-ihis/Kmo9Bd+Cav8YDiTmwXR7t8=",
			"dev": true
		},
		"js-tokens": {
			"version": "4.0.0",
			"resolved": "https://registry.npmjs.org/js-tokens/-/js-tokens-4.0.0.tgz",
			"integrity": "sha512-RdJUflcE3cUzKiMqQgsCu06FPu9UdIJO0beYbPhHN4k6apgJtifcoCtT9bcxOpYBtpD2kCM6Sbzg4CausW/PKQ==",
			"dev": true
		},
		"loose-envify": {
			"version": "1.4.0",
			"resolved": "https://registry.npmjs.org/loose-envify/-/loose-envify-1.4.0.tgz",
			"integrity": "sha512-lyuxPGr/Wfhrlem2CL/UcnUc1zcqKAImBDzukY7Y5F/yQiNdko6+fRLevlw1HgMySw7f611UIY408EtxRSoK3Q==",
			"dev": true,
			"requires": {
				"js-tokens": "^3.0.0 || ^4.0.0"
			}
		},
		"object-assign": {
			"version": "4.1.1",
			"resolved": "https://registry.npmjs.org/object-assign/-/object-assign-4.1.1.tgz",
			"integrity": "sha1-IQmtx5ZYh8/AXLvUQsrIv7s2CGM=",
			"dev": true
		},
		"path-to-regexp": {
			"version": "1.8.0",
			"resolved": "https://registry.npmjs.org/path-to-regexp/-/path-to-regexp-1.8.0.tgz",
			"integrity": "sha512-n43JRhlUKUAlibEJhPeir1ncUID16QnEjNpwzNdO3Lm4ywrBpBZ5oLD0I6br9evr1Y9JTqwRtAh7JLoOzAQdVA==",
			"dev": true,
			"requires": {
				"isarray": "0.0.1"
			}
		},
		"prop-types": {
			"version": "15.7.2",
			"resolved": "https://registry.npmjs.org/prop-types/-/prop-types-15.7.2.tgz",
			"integrity": "sha512-8QQikdH7//R2vurIJSutZ1smHYTcLpRWEOlHnzcWHmBYrOGUysKwSsrC89BCiFj3CbrfJ/nXFdJepOVrY1GCHQ==",
			"dev": true,
			"requires": {
				"loose-envify": "^1.4.0",
				"object-assign": "^4.1.1",
				"react-is": "^16.8.1"
			}
		},
		"react": {
			"version": "16.12.0",
			"resolved": "https://registry.npmjs.org/react/-/react-16.12.0.tgz",
			"integrity": "sha512-fglqy3k5E+81pA8s+7K0/T3DBCF0ZDOher1elBFzF7O6arXJgzyu/FW+COxFvAWXJoJN9KIZbT2LXlukwphYTA==",
			"dev": true,
			"requires": {
				"loose-envify": "^1.1.0",
				"object-assign": "^4.1.1",
				"prop-types": "^15.6.2"
			}
		},
		"react-dom": {
			"version": "16.12.0",
			"resolved": "https://registry.npmjs.org/react-dom/-/react-dom-16.12.0.tgz",
			"integrity": "sha512-LMxFfAGrcS3kETtQaCkTKjMiifahaMySFDn71fZUNpPHZQEzmk/GiAeIT8JSOrHB23fnuCOMruL2a8NYlw+8Gw==",
			"dev": true,
			"requires": {
				"loose-envify": "^1.1.0",
				"object-assign": "^4.1.1",
				"prop-types": "^15.6.2",
				"scheduler": "^0.18.0"
			}
		},
		"react-interactive": {
			"version": "0.8.3",
			"resolved": "https://registry.npmjs.org/react-interactive/-/react-interactive-0.8.3.tgz",
			"integrity": "sha512-mmRvA9aKP7zu9kVfP1AX1egX8tFlnE3DDXq92z0JTZezfOpmeQBzr77O1+mTV54OOmn+M2t6c5kFD5VnuFoM7A==",
			"dev": true,
			"requires": {
				"detect-it": "^3.0.3",
				"object-assign": "^4.1.1",
				"prop-types": "^15.6.0"
			}
		},
		"react-is": {
			"version": "16.12.0",
			"resolved": "https://registry.npmjs.org/react-is/-/react-is-16.12.0.tgz",
			"integrity": "sha512-rPCkf/mWBtKc97aLL9/txD8DZdemK0vkA3JMLShjlJB3Pj3s+lpf1KaBzMfQrAmhMQB0n1cU/SUGgKKBCe837Q==",
			"dev": true
		},
		"react-router": {
			"version": "4.3.1",
			"resolved": "https://registry.npmjs.org/react-router/-/react-router-4.3.1.tgz",
			"integrity": "sha512-yrvL8AogDh2X42Dt9iknk4wF4V8bWREPirFfS9gLU1huk6qK41sg7Z/1S81jjTrGHxa3B8R3J6xIkDAA6CVarg==",
			"dev": true,
			"requires": {
				"history": "^4.7.2",
				"hoist-non-react-statics": "^2.5.0",
				"invariant": "^2.2.4",
				"loose-envify": "^1.3.1",
				"path-to-regexp": "^1.7.0",
				"prop-types": "^15.6.1",
				"warning": "^4.0.1"
			}
		},
		"react-router-dom": {
			"version": "4.3.1",
			"resolved": "https://registry.npmjs.org/react-router-dom/-/react-router-dom-4.3.1.tgz",
			"integrity": "sha512-c/MlywfxDdCp7EnB7YfPMOfMD3tOtIjrQlj/CKfNMBxdmpJP8xcz5P/UAFn3JbnQCNUxsHyVVqllF9LhgVyFCA==",
			"dev": true,
			"requires": {
				"history": "^4.7.2",
				"invariant": "^2.2.4",
				"loose-envify": "^1.3.1",
				"prop-types": "^15.6.1",
				"react-router": "^4.3.1",
				"warning": "^4.0.1"
			}
		},
		"regenerator-runtime": {
			"version": "0.13.3",
			"resolved": "https://registry.npmjs.org/regenerator-runtime/-/regenerator-runtime-0.13.3.tgz",
			"integrity": "sha512-naKIZz2GQ8JWh///G7L3X6LaQUAMp2lvb1rvwwsURe/VXwD6VMfr+/1NuNw3ag8v2kY1aQ/go5SNn79O9JU7yw==",
			"dev": true
		},
		"resolve-pathname": {
			"version": "3.0.0",
			"resolved": "https://registry.npmjs.org/resolve-pathname/-/resolve-pathname-3.0.0.tgz",
			"integrity": "sha512-C7rARubxI8bXFNB/hqcp/4iUeIXJhJZvFPFPiSPRnhU5UPxzMFIl+2E6yY6c4k9giDJAhtV+enfA+G89N6Csng==",
			"dev": true
		},
		"scheduler": {
			"version": "0.18.0",
			"resolved": "https://registry.npmjs.org/scheduler/-/scheduler-0.18.0.tgz",
			"integrity": "sha512-agTSHR1Nbfi6ulI0kYNK0203joW2Y5W4po4l+v03tOoiJKpTBbxpNhWDvqc/4IcOw+KLmSiQLTasZ4cab2/UWQ==",
			"dev": true,
			"requires": {
				"loose-envify": "^1.1.0",
				"object-assign": "^4.1.1"
			}
		},
		"tiny-invariant": {
			"version": "1.0.6",
			"resolved": "https://registry.npmjs.org/tiny-invariant/-/tiny-invariant-1.0.6.tgz",
			"integrity": "sha512-FOyLWWVjG+aC0UqG76V53yAWdXfH8bO6FNmyZOuUrzDzK8DI3/JRY25UD7+g49JWM1LXwymsKERB+DzI0dTEQA==",
			"dev": true
		},
		"tiny-warning": {
			"version": "1.0.3",
			"resolved": "https://registry.npmjs.org/tiny-warning/-/tiny-warning-1.0.3.tgz",
			"integrity": "sha512-lBN9zLN/oAf68o3zNXYrdCt1kP8WsiGW8Oo2ka41b2IM5JL/S1CTyX1rW0mb/zSuJun0ZUrDxx4sqvYS2FWzPA==",
			"dev": true
		},
		"value-equal": {
			"version": "1.0.1",
			"resolved": "https://registry.npmjs.org/value-equal/-/value-equal-1.0.1.tgz",
			"integrity": "sha512-NOJ6JZCAWr0zlxZt+xqCHNTEKOsrks2HQd4MqhP1qy4z1SkbEP467eNx6TgDKXMvUOb+OENfJCZwM+16n7fRfw==",
			"dev": true
		},
		"warning": {
			"version": "4.0.3",
			"resolved": "https://registry.npmjs.org/warning/-/warning-4.0.3.tgz",
			"integrity": "sha512-rpJyN222KWIvHJ/F53XSZv0Zl/accqHR8et1kpaMTD/fLCRxtV8iX8czMzY7sVZupTI3zcUTg8eycS2kNF9l6w==",
			"dev": true,
			"requires": {
				"loose-envify": "^1.0.0"
			}
		}
	}
}
