{
  "name": "@icon/creation-icons",
  "version": "0.0.8-alpha.1",
  "lockfileVersion": 1,
  "requires": true,
  "dependencies": {
    "@creation/icon-fonts": {
      "version": "0.0.8",
      "resolved": "https://registry.npmjs.org/@creation/icon-fonts/-/icon-fonts-0.0.8.tgz",
      "integrity": "sha512-LIE2kRDGX+YDCwqvqNzAzovi2M5m2tVxLLWVTx+t2kwFunbn7wYnH5WaSUSILEhY6ws1tK4kGbBlWO+gHUu6yQ==",
      "dev": true
    }
  }
}
