{
  "name": "@icon/creation-icons",
  "version": "0.0.8-alpha.2",
  "lockfileVersion": 1,
  "requires": true,
  "dependencies": {
    "@creation/icon-fonts": {
      "version": "0.0.9",
      "resolved": "https://registry.npmjs.org/@creation/icon-fonts/-/icon-fonts-0.0.9.tgz",
      "integrity": "sha512-iCfp3UyUHy3PuBvTksyxB8s3o6PKBKiUWz/wiub2fk9jod0BkF/56nmSyU4TaquO1pxZVrimapIatMoeK2kApw==",
      "dev": true
    }
  }
}
