{
	"name": "@icon/elegant-icons",
	"version": "0.0.1-alpha.0",
	"lockfileVersion": 1,
	"requires": true,
	"dependencies": {
		"elegant-icons": {
			"version": "0.0.1",
			"resolved": "https://registry.npm.taobao.org/elegant-icons/download/elegant-icons-0.0.1.tgz",
			"integrity": "sha1-qdVl6QTGLmJI/5LN/cx3AK/ypjQ=",
			"dev": true
		}
	}
}
