{
	"name": "@icon/govicons",
	"version": "1.5.1-alpha.0",
	"lockfileVersion": 1,
	"requires": true,
	"dependencies": {
		"govicons": {
			"version": "1.5.1",
			"resolved": "https://registry.npmjs.org/govicons/-/govicons-1.5.1.tgz",
			"integrity": "sha512-vIkcaXP+4StdgW1ijIQ6cBYa8PYUkiphv5S6zDSKfKiPSJuBTzNsgh+Z2vYGNqXvk958YNM1s7+mjfOVm+GJIw==",
			"dev": true
		}
	}
}
