{
	"name": "@icon/micon",
	"version": "3.0.168-alpha.1",
	"lockfileVersion": 1,
	"requires": true,
	"dependencies": {
		"micon-font": {
			"version": "git+https://github.com/xtoolkit/Micon.git#8d34a6f055b901dcd6a5d45d24318d1caf443128",
			"from": "git+https://github.com/xtoolkit/Micon.git",
			"dev": true
		}
	}
}
