{
	"name": "@icon/linearicons",
	"version": "1.0.2-alpha.1",
	"lockfileVersion": 1,
	"requires": true,
	"dependencies": {
		"linearicons": {
			"version": "1.0.2",
			"resolved": "https://registry.npm.taobao.org/linearicons/download/linearicons-1.0.2.tgz",
			"integrity": "sha1-rHAw1w4bJDbAwdY1AqzvscG5thw=",
			"dev": true
		}
	}
}
