{
	"name": "@icon/map-icons",
	"version": "3.0.3-alpha.0",
	"lockfileVersion": 1,
	"requires": true,
	"dependencies": {
		"map-icons": {
			"version": "3.0.3",
			"resolved": "https://registry.npm.taobao.org/map-icons/download/map-icons-3.0.3.tgz",
			"integrity": "sha1-fVi803b205YnQE/ej9/Dv9aVIfc=",
			"dev": true
		}
	}
}
