{
	"name": "@icon/coreui-icons-brand",
	"version": "1.0.0-alpha.2",
	"lockfileVersion": 1,
	"requires": true,
	"dependencies": {
		"@coreui/icons": {
			"version": "1.0.1",
			"resolved": "https://registry.npmjs.org/@coreui/icons/-/icons-1.0.1.tgz",
			"integrity": "sha512-DAlvdHRC+HHecdy52vskbNzNKEpu6wHDvSlsHGrwOqNxQl1YLhGEtqAW4sKpyVE3GgysNCywUWZGFlLp8I3LgA==",
			"dev": true
		}
	}
}
