{
	"name": "@icon/coreui-icons-brand",
	"version": "1.0.0-alpha.1",
	"lockfileVersion": 1,
	"requires": true,
	"dependencies": {
		"@coreui/icons": {
			"version": "1.0.0",
			"resolved": "https://registry.npmjs.org/@coreui/icons/-/icons-1.0.0.tgz",
			"integrity": "sha512-a5zbcmnlYqZkPen2iJvd0G1VGAK4S+40pV6KIJgLt1H04ALyqVoaVPiIEx3VOOmxlrxAHvIaua8Qq0+/hA+AGQ==",
			"dev": true
		}
	}
}
