{
	"name": "@icon/eva-outline-icons",
	"version": "1.1.2-alpha.1",
	"lockfileVersion": 1,
	"requires": true,
	"dependencies": {
		"eva-icons": {
			"version": "1.1.2",
			"resolved": "https://registry.npm.taobao.org/eva-icons/download/eva-icons-1.1.2.tgz",
			"integrity": "sha1-oNTURezVKl3A1VYXIRxbyPgAkCA=",
			"dev": true
		}
	}
}
