{
	"name": "@icon/ant-design-fill-icons",
	"version": "2.1.1-alpha.1",
	"lockfileVersion": 1,
	"requires": true,
	"dependencies": {
		"@ant-design/icons": {
			"version": "2.1.1",
			"resolved": "https://registry.npmjs.org/@ant-design/icons/-/icons-2.1.1.tgz",
			"integrity": "sha512-jCH+k2Vjlno4YWl6g535nHR09PwCEmTBKAG6VqF+rhkrSPRLfgpU2maagwbZPLjaHuU5Jd1DFQ2KJpQuI6uG8w==",
			"dev": true
		}
	}
}
