{
	"name": "@icon/ionicons",
	"version": "4.6.3-alpha.1",
	"lockfileVersion": 1,
	"requires": true,
	"dependencies": {
		"ionicons": {
			"version": "5.0.0",
			"resolved": "https://registry.npmjs.org/ionicons/-/ionicons-5.0.0.tgz",
			"integrity": "sha512-tqKI5QyqCQOikbWYIA7teJPPXKfYZhEff8ARvbkOIh7PWbKI7sd0IBJcjhbw/mUilIA7U9Bcdm7qGBPhVWOCWg==",
			"dev": true
		}
	}
}
