{
	"name": "@icon/devicons",
	"version": "1.8.0-alpha.1",
	"lockfileVersion": 1,
	"requires": true,
	"dependencies": {
		"devicons": {
			"version": "1.8.0",
			"resolved": "https://registry.npm.taobao.org/devicons/download/devicons-1.8.0.tgz",
			"integrity": "sha1-33JaiwrCzOJMdLeCwvFPi3ODLC0=",
			"dev": true
		}
	}
}
