{
	"name": "@icon/uiw-icons",
	"version": "2.3.1-alpha.0",
	"lockfileVersion": 1,
	"requires": true,
	"dependencies": {
		"@uiw/icons": {
			"version": "2.3.1",
			"resolved": "https://registry.npmjs.org/@uiw/icons/-/icons-2.3.1.tgz",
			"integrity": "sha512-iWc1FOv0Y5r9ZZDBRclJnTez+Z8LjGeLKChdXSJL2pSbH8UsdwJ7Fc5MqR9q+BuyYTHW4W6wozmVDRwEZy84hg==",
			"dev": true
		}
	}
}
