{
	"name": "@icon/open-iconic",
	"version": "1.1.1-alpha.1",
	"lockfileVersion": 1,
	"requires": true,
	"dependencies": {
		"open-iconic": {
			"version": "1.1.1",
			"resolved": "https://registry.npm.taobao.org/open-iconic/download/open-iconic-1.1.1.tgz",
			"integrity": "sha1-nc/Ix808Yc20ojaxo0eJTJetwMY=",
			"dev": true
		}
	}
}
