{
	"name": "@icon/feathericon",
	"version": "1.0.2-alpha.1",
	"lockfileVersion": 1,
	"requires": true,
	"dependencies": {
		"feathericon": {
			"version": "1.0.2",
			"resolved": "https://registry.npm.taobao.org/feathericon/download/feathericon-1.0.2.tgz",
			"integrity": "sha1-HX4nwL6n9eLhNJzOknw3wCWmMuc=",
			"dev": true
		}
	}
}
