{
	"name": "@icon/fontawesome-solid",
	"version": "5.5.0-alpha.1",
	"lockfileVersion": 1,
	"requires": true,
	"dependencies": {
		"@fortawesome/fontawesome-common-types": {
			"version": "0.2.26",
			"resolved": "https://registry.npm.taobao.org/@fortawesome/fontawesome-common-types/download/@fortawesome/fontawesome-common-types-0.2.26.tgz",
			"integrity": "sha1-bgsTp1JnYDb4GW+KFQDVOie0rcE="
		},
		"@fortawesome/free-solid-svg-icons": {
			"version": "5.12.0",
			"resolved": "https://registry.npm.taobao.org/@fortawesome/free-solid-svg-icons/download/@fortawesome/free-solid-svg-icons-5.12.0.tgz",
			"integrity": "sha1-jeysWETmBFPMDHxRQ30UYd8FOjU=",
			"requires": {
				"@fortawesome/fontawesome-common-types": "^0.2.26"
			}
		}
	}
}
